// !$*UTF8*$!
{
	archiveVersion = 1;
	classes = {
	};
	objectVersion = 50;
	objects = {

/* Begin PBXBuildFile section */
		5F14CAC126D42A2C00647BAE /* ViewController.swift in Sources */ = {isa = PBXBuildFile; fileRef = 5F14CAC026D42A2C00647BAE /* ViewController.swift */; };
		5F14CAC326D42A9200647BAE /* PrinterView.swift in Sources */ = {isa = PBXBuildFile; fileRef = 5F14CAC226D42A9200647BAE /* PrinterView.swift */; };
		5F19F34926C87798003B0AAD /* DataLoader.swift in Sources */ = {isa = PBXBuildFile; fileRef = 5F19F34826C87798003B0AAD /* DataLoader.swift */; };
		5F19F34B26C87C2F003B0AAD /* AirportTable.swift in Sources */ = {isa = PBXBuildFile; fileRef = 5F19F34A26C87C2F003B0AAD /* AirportTable.swift */; };
		5F70B57326C1EF13008D93E1 /* flights.json in Resources */ = {isa = PBXBuildFile; fileRef = 5F70B57226C1EF13008D93E1 /* flights.json */; };
		5F9D0CE526BCEC6C00A3D051 /* Shadow_AirwaysApp.swift in Sources */ = {isa = PBXBuildFile; fileRef = 5F9D0CE426BCEC6C00A3D051 /* Shadow_AirwaysApp.swift */; };
		5F9D0CE726BCEC6C00A3D051 /* ContentView.swift in Sources */ = {isa = PBXBuildFile; fileRef = 5F9D0CE626BCEC6C00A3D051 /* ContentView.swift */; };
		5F9D0CE926BCEC6C00A3D051 /* Assets.xcassets in Resources */ = {isa = PBXBuildFile; fileRef = 5F9D0CE826BCEC6C00A3D051 /* Assets.xcassets */; };
		5F9D0CEC26BCEC6C00A3D051 /* Preview Assets.xcassets in Resources */ = {isa = PBXBuildFile; fileRef = 5F9D0CEB26BCEC6C00A3D051 /* Preview Assets.xcassets */; };
		5F9D0CF726BCEC6C00A3D051 /* Shadow_AirwaysTests.swift in Sources */ = {isa = PBXBuildFile; fileRef = 5F9D0CF626BCEC6C00A3D051 /* Shadow_AirwaysTests.swift */; };
		5F9D0D0226BCEC6D00A3D051 /* Shadow_AirwaysUITests.swift in Sources */ = {isa = PBXBuildFile; fileRef = 5F9D0D0126BCEC6D00A3D051 /* Shadow_AirwaysUITests.swift */; };
		5F9D0D1D26BCF01B00A3D051 /* TicketView.swift in Sources */ = {isa = PBXBuildFile; fileRef = 5F9D0D1C26BCF01B00A3D051 /* TicketView.swift */; };
		5FD0148D26C603EF00B8D092 /* BookTicketView.swift in Sources */ = {isa = PBXBuildFile; fileRef = 5FD0148C26C603EF00B8D092 /* BookTicketView.swift */; };
		5FED7EB826C5853C00742001 /* Airports.swift in Sources */ = {isa = PBXBuildFile; fileRef = 5FED7EB726C5853C00742001 /* Airports.swift */; };
/* End PBXBuildFile section */

/* Begin PBXContainerItemProxy section */
		5F9D0CF326BCEC6C00A3D051 /* PBXContainerItemProxy */ = {
			isa = PBXContainerItemProxy;
			containerPortal = 5F9D0CD926BCEC6C00A3D051 /* Project object */;
			proxyType = 1;
			remoteGlobalIDString = 5F9D0CE026BCEC6C00A3D051;
			remoteInfo = "Shadow Airways";
		};
		5F9D0CFE26BCEC6D00A3D051 /* PBXContainerItemProxy */ = {
			isa = PBXContainerItemProxy;
			containerPortal = 5F9D0CD926BCEC6C00A3D051 /* Project object */;
			proxyType = 1;
			remoteGlobalIDString = 5F9D0CE026BCEC6C00A3D051;
			remoteInfo = "Shadow Airways";
		};
/* End PBXContainerItemProxy section */

/* Begin PBXFileReference section */
		5F14CAC026D42A2C00647BAE /* ViewController.swift */ = {isa = PBXFileReference; lastKnownFileType = sourcecode.swift; path = ViewController.swift; sourceTree = "<group>"; };
		5F14CAC226D42A9200647BAE /* PrinterView.swift */ = {isa = PBXFileReference; lastKnownFileType = sourcecode.swift; path = PrinterView.swift; sourceTree = "<group>"; };
		5F19F34826C87798003B0AAD /* DataLoader.swift */ = {isa = PBXFileReference; lastKnownFileType = sourcecode.swift; path = DataLoader.swift; sourceTree = "<group>"; };
		5F19F34A26C87C2F003B0AAD /* AirportTable.swift */ = {isa = PBXFileReference; lastKnownFileType = sourcecode.swift; path = AirportTable.swift; sourceTree = "<group>"; };
		5F70B57226C1EF13008D93E1 /* flights.json */ = {isa = PBXFileReference; fileEncoding = 4; lastKnownFileType = text.json; path = flights.json; sourceTree = "<group>"; };
		5F9D0CE126BCEC6C00A3D051 /* Shadow Airways.app */ = {isa = PBXFileReference; explicitFileType = wrapper.application; includeInIndex = 0; path = "Shadow Airways.app"; sourceTree = BUILT_PRODUCTS_DIR; };
		5F9D0CE426BCEC6C00A3D051 /* Shadow_AirwaysApp.swift */ = {isa = PBXFileReference; lastKnownFileType = sourcecode.swift; path = Shadow_AirwaysApp.swift; sourceTree = "<group>"; };
		5F9D0CE626BCEC6C00A3D051 /* ContentView.swift */ = {isa = PBXFileReference; lastKnownFileType = sourcecode.swift; path = ContentView.swift; sourceTree = "<group>"; };
		5F9D0CE826BCEC6C00A3D051 /* Assets.xcassets */ = {isa = PBXFileReference; lastKnownFileType = folder.assetcatalog; path = Assets.xcassets; sourceTree = "<group>"; };
		5F9D0CEB26BCEC6C00A3D051 /* Preview Assets.xcassets */ = {isa = PBXFileReference; lastKnownFileType = folder.assetcatalog; path = "Preview Assets.xcassets"; sourceTree = "<group>"; };
		5F9D0CED26BCEC6C00A3D051 /* Info.plist */ = {isa = PBXFileReference; lastKnownFileType = text.plist.xml; path = Info.plist; sourceTree = "<group>"; };
		5F9D0CF226BCEC6C00A3D051 /* Shadow AirwaysTests.xctest */ = {isa = PBXFileReference; explicitFileType = wrapper.cfbundle; includeInIndex = 0; path = "Shadow AirwaysTests.xctest"; sourceTree = BUILT_PRODUCTS_DIR; };
		5F9D0CF626BCEC6C00A3D051 /* Shadow_AirwaysTests.swift */ = {isa = PBXFileReference; lastKnownFileType = sourcecode.swift; path = Shadow_AirwaysTests.swift; sourceTree = "<group>"; };
		5F9D0CF826BCEC6C00A3D051 /* Info.plist */ = {isa = PBXFileReference; lastKnownFileType = text.plist.xml; path = Info.plist; sourceTree = "<group>"; };
		5F9D0CFD26BCEC6D00A3D051 /* Shadow AirwaysUITests.xctest */ = {isa = PBXFileReference; explicitFileType = wrapper.cfbundle; includeInIndex = 0; path = "Shadow AirwaysUITests.xctest"; sourceTree = BUILT_PRODUCTS_DIR; };
		5F9D0D0126BCEC6D00A3D051 /* Shadow_AirwaysUITests.swift */ = {isa = PBXFileReference; lastKnownFileType = sourcecode.swift; path = Shadow_AirwaysUITests.swift; sourceTree = "<group>"; };
		5F9D0D0326BCEC6D00A3D051 /* Info.plist */ = {isa = PBXFileReference; lastKnownFileType = text.plist.xml; path = Info.plist; sourceTree = "<group>"; };
		5F9D0D1C26BCF01B00A3D051 /* TicketView.swift */ = {isa = PBXFileReference; lastKnownFileType = sourcecode.swift; path = TicketView.swift; sourceTree = "<group>"; };
		5FD0148C26C603EF00B8D092 /* BookTicketView.swift */ = {isa = PBXFileReference; lastKnownFileType = sourcecode.swift; path = BookTicketView.swift; sourceTree = "<group>"; };
		5FED7EB726C5853C00742001 /* Airports.swift */ = {isa = PBXFileReference; lastKnownFileType = sourcecode.swift; path = Airports.swift; sourceTree = "<group>"; };
/* End PBXFileReference section */

/* Begin PBXFrameworksBuildPhase section */
		5F9D0CDE26BCEC6C00A3D051 /* Frameworks */ = {
			isa = PBXFrameworksBuildPhase;
			buildActionMask = 2147483647;
			files = (
			);
			runOnlyForDeploymentPostprocessing = 0;
		};
		5F9D0CEF26BCEC6C00A3D051 /* Frameworks */ = {
			isa = PBXFrameworksBuildPhase;
			buildActionMask = 2147483647;
			files = (
			);
			runOnlyForDeploymentPostprocessing = 0;
		};
		5F9D0CFA26BCEC6D00A3D051 /* Frameworks */ = {
			isa = PBXFrameworksBuildPhase;
			buildActionMask = 2147483647;
			files = (
			);
			runOnlyForDeploymentPostprocessing = 0;
		};
/* End PBXFrameworksBuildPhase section */

/* Begin PBXGroup section */
		5F19F34326C86FD2003B0AAD /* Model */ = {
			isa = PBXGroup;
			children = (
				5FED7EB726C5853C00742001 /* Airports.swift */,
			);
			path = Model;
			sourceTree = "<group>";
		};
		5F19F34426C87285003B0AAD /* Screens */ = {
			isa = PBXGroup;
			children = (
				5FD0148C26C603EF00B8D092 /* BookTicketView.swift */,
				5F9D0D1C26BCF01B00A3D051 /* TicketView.swift */,
			);
			path = Screens;
			sourceTree = "<group>";
		};
		5F19F34526C872F8003B0AAD /* Components */ = {
			isa = PBXGroup;
			children = (
				5F19F34A26C87C2F003B0AAD /* AirportTable.swift */,
				5F14CAC226D42A9200647BAE /* PrinterView.swift */,
			);
			path = Components;
			sourceTree = "<group>";
		};
		5F9D0CD826BCEC6C00A3D051 = {
			isa = PBXGroup;
			children = (
				5F9D0CE326BCEC6C00A3D051 /* Shadow Airways */,
				5F9D0CF526BCEC6C00A3D051 /* Shadow AirwaysTests */,
				5F9D0D0026BCEC6D00A3D051 /* Shadow AirwaysUITests */,
				5F9D0CE226BCEC6C00A3D051 /* Products */,
			);
			sourceTree = "<group>";
		};
		5F9D0CE226BCEC6C00A3D051 /* Products */ = {
			isa = PBXGroup;
			children = (
				5F9D0CE126BCEC6C00A3D051 /* Shadow Airways.app */,
				5F9D0CF226BCEC6C00A3D051 /* Shadow AirwaysTests.xctest */,
				5F9D0CFD26BCEC6D00A3D051 /* Shadow AirwaysUITests.xctest */,
			);
			name = Products;
			sourceTree = "<group>";
		};
		5F9D0CE326BCEC6C00A3D051 /* Shadow Airways */ = {
			isa = PBXGroup;
			children = (
				5F19F34526C872F8003B0AAD /* Components */,
				5F19F34426C87285003B0AAD /* Screens */,
				5F19F34326C86FD2003B0AAD /* Model */,
				5F70B57226C1EF13008D93E1 /* flights.json */,
				5F9D0CE426BCEC6C00A3D051 /* Shadow_AirwaysApp.swift */,
				5F9D0CE626BCEC6C00A3D051 /* ContentView.swift */,
				5F9D0CE826BCEC6C00A3D051 /* Assets.xcassets */,
				5F9D0CED26BCEC6C00A3D051 /* Info.plist */,
				5F9D0CEA26BCEC6C00A3D051 /* Preview Content */,
				5F19F34826C87798003B0AAD /* DataLoader.swift */,
				5F14CAC026D42A2C00647BAE /* ViewController.swift */,
			);
			path = "Shadow Airways";
			sourceTree = "<group>";
		};
		5F9D0CEA26BCEC6C00A3D051 /* Preview Content */ = {
			isa = PBXGroup;
			children = (
				5F9D0CEB26BCEC6C00A3D051 /* Preview Assets.xcassets */,
			);
			path = "Preview Content";
			sourceTree = "<group>";
		};
		5F9D0CF526BCEC6C00A3D051 /* Shadow AirwaysTests */ = {
			isa = PBXGroup;
			children = (
				5F9D0CF626BCEC6C00A3D051 /* Shadow_AirwaysTests.swift */,
				5F9D0CF826BCEC6C00A3D051 /* Info.plist */,
			);
			path = "Shadow AirwaysTests";
			sourceTree = "<group>";
		};
		5F9D0D0026BCEC6D00A3D051 /* Shadow AirwaysUITests */ = {
			isa = PBXGroup;
			children = (
				5F9D0D0126BCEC6D00A3D051 /* Shadow_AirwaysUITests.swift */,
				5F9D0D0326BCEC6D00A3D051 /* Info.plist */,
			);
			path = "Shadow AirwaysUITests";
			sourceTree = "<group>";
		};
/* End PBXGroup section */

/* Begin PBXNativeTarget section */
		5F9D0CE026BCEC6C00A3D051 /* Shadow Airways */ = {
			isa = PBXNativeTarget;
			buildConfigurationList = 5F9D0D0626BCEC6D00A3D051 /* Build configuration list for PBXNativeTarget "Shadow Airways" */;
			buildPhases = (
				5F9D0CDD26BCEC6C00A3D051 /* Sources */,
				5F9D0CDE26BCEC6C00A3D051 /* Frameworks */,
				5F9D0CDF26BCEC6C00A3D051 /* Resources */,
			);
			buildRules = (
			);
			dependencies = (
			);
			name = "Shadow Airways";
			productName = "Shadow Airways";
			productReference = 5F9D0CE126BCEC6C00A3D051 /* Shadow Airways.app */;
			productType = "com.apple.product-type.application";
		};
		5F9D0CF126BCEC6C00A3D051 /* Shadow AirwaysTests */ = {
			isa = PBXNativeTarget;
			buildConfigurationList = 5F9D0D0926BCEC6D00A3D051 /* Build configuration list for PBXNativeTarget "Shadow AirwaysTests" */;
			buildPhases = (
				5F9D0CEE26BCEC6C00A3D051 /* Sources */,
				5F9D0CEF26BCEC6C00A3D051 /* Frameworks */,
				5F9D0CF026BCEC6C00A3D051 /* Resources */,
			);
			buildRules = (
			);
			dependencies = (
				5F9D0CF426BCEC6C00A3D051 /* PBXTargetDependency */,
			);
			name = "Shadow AirwaysTests";
			productName = "Shadow AirwaysTests";
			productReference = 5F9D0CF226BCEC6C00A3D051 /* Shadow AirwaysTests.xctest */;
			productType = "com.apple.product-type.bundle.unit-test";
		};
		5F9D0CFC26BCEC6D00A3D051 /* Shadow AirwaysUITests */ = {
			isa = PBXNativeTarget;
			buildConfigurationList = 5F9D0D0C26BCEC6D00A3D051 /* Build configuration list for PBXNativeTarget "Shadow AirwaysUITests" */;
			buildPhases = (
				5F9D0CF926BCEC6D00A3D051 /* Sources */,
				5F9D0CFA26BCEC6D00A3D051 /* Frameworks */,
				5F9D0CFB26BCEC6D00A3D051 /* Resources */,
			);
			buildRules = (
			);
			dependencies = (
				5F9D0CFF26BCEC6D00A3D051 /* PBXTargetDependency */,
			);
			name = "Shadow AirwaysUITests";
			productName = "Shadow AirwaysUITests";
			productReference = 5F9D0CFD26BCEC6D00A3D051 /* Shadow AirwaysUITests.xctest */;
			productType = "com.apple.product-type.bundle.ui-testing";
		};
/* End PBXNativeTarget section */

/* Begin PBXProject section */
		5F9D0CD926BCEC6C00A3D051 /* Project object */ = {
			isa = PBXProject;
			attributes = {
				LastSwiftUpdateCheck = 1220;
				LastUpgradeCheck = 1220;
				TargetAttributes = {
					5F9D0CE026BCEC6C00A3D051 = {
						CreatedOnToolsVersion = 12.2;
					};
					5F9D0CF126BCEC6C00A3D051 = {
						CreatedOnToolsVersion = 12.2;
						TestTargetID = 5F9D0CE026BCEC6C00A3D051;
					};
					5F9D0CFC26BCEC6D00A3D051 = {
						CreatedOnToolsVersion = 12.2;
						TestTargetID = 5F9D0CE026BCEC6C00A3D051;
					};
				};
			};
			buildConfigurationList = 5F9D0CDC26BCEC6C00A3D051 /* Build configuration list for PBXProject "Shadow Airways" */;
			compatibilityVersion = "Xcode 9.3";
			developmentRegion = en;
			hasScannedForEncodings = 0;
			knownRegions = (
				en,
				Base,
			);
			mainGroup = 5F9D0CD826BCEC6C00A3D051;
			productRefGroup = 5F9D0CE226BCEC6C00A3D051 /* Products */;
			projectDirPath = "";
			projectRoot = "";
			targets = (
				5F9D0CE026BCEC6C00A3D051 /* Shadow Airways */,
				5F9D0CF126BCEC6C00A3D051 /* Shadow AirwaysTests */,
				5F9D0CFC26BCEC6D00A3D051 /* Shadow AirwaysUITests */,
			);
		};
/* End PBXProject section */

/* Begin PBXResourcesBuildPhase section */
		5F9D0CDF26BCEC6C00A3D051 /* Resources */ = {
			isa = PBXResourcesBuildPhase;
			buildActionMask = 2147483647;
			files = (
				5F9D0CEC26BCEC6C00A3D051 /* Preview Assets.xcassets in Resources */,
				5F9D0CE926BCEC6C00A3D051 /* Assets.xcassets in Resources */,
				5F70B57326C1EF13008D93E1 /* flights.json in Resources */,
			);
			runOnlyForDeploymentPostprocessing = 0;
		};
		5F9D0CF026BCEC6C00A3D051 /* Resources */ = {
			isa = PBXResourcesBuildPhase;
			buildActionMask = 2147483647;
			files = (
			);
			runOnlyForDeploymentPostprocessing = 0;
		};
		5F9D0CFB26BCEC6D00A3D051 /* Resources */ = {
			isa = PBXResourcesBuildPhase;
			buildActionMask = 2147483647;
			files = (
			);
			runOnlyForDeploymentPostprocessing = 0;
		};
/* End PBXResourcesBuildPhase section */

/* Begin PBXSourcesBuildPhase section */
		5F9D0CDD26BCEC6C00A3D051 /* Sources */ = {
			isa = PBXSourcesBuildPhase;
			buildActionMask = 2147483647;
			files = (
				5F9D0D1D26BCF01B00A3D051 /* TicketView.swift in Sources */,
				5FED7EB826C5853C00742001 /* Airports.swift in Sources */,
				5F19F34926C87798003B0AAD /* DataLoader.swift in Sources */,
				5FD0148D26C603EF00B8D092 /* BookTicketView.swift in Sources */,
				5F9D0CE726BCEC6C00A3D051 /* ContentView.swift in Sources */,
				5F14CAC326D42A9200647BAE /* PrinterView.swift in Sources */,
				5F9D0CE526BCEC6C00A3D051 /* Shadow_AirwaysApp.swift in Sources */,
				5F14CAC126D42A2C00647BAE /* ViewController.swift in Sources */,
				5F19F34B26C87C2F003B0AAD /* AirportTable.swift in Sources */,
			);
			runOnlyForDeploymentPostprocessing = 0;
		};
		5F9D0CEE26BCEC6C00A3D051 /* Sources */ = {
			isa = PBXSourcesBuildPhase;
			buildActionMask = 2147483647;
			files = (
				5F9D0CF726BCEC6C00A3D051 /* Shadow_AirwaysTests.swift in Sources */,
			);
			runOnlyForDeploymentPostprocessing = 0;
		};
		5F9D0CF926BCEC6D00A3D051 /* Sources */ = {
			isa = PBXSourcesBuildPhase;
			buildActionMask = 2147483647;
			files = (
				5F9D0D0226BCEC6D00A3D051 /* Shadow_AirwaysUITests.swift in Sources */,
			);
			runOnlyForDeploymentPostprocessing = 0;
		};
/* End PBXSourcesBuildPhase section */

/* Begin PBXTargetDependency section */
		5F9D0CF426BCEC6C00A3D051 /* PBXTargetDependency */ = {
			isa = PBXTargetDependency;
			target = 5F9D0CE026BCEC6C00A3D051 /* Shadow Airways */;
			targetProxy = 5F9D0CF326BCEC6C00A3D051 /* PBXContainerItemProxy */;
		};
		5F9D0CFF26BCEC6D00A3D051 /* PBXTargetDependency */ = {
			isa = PBXTargetDependency;
			target = 5F9D0CE026BCEC6C00A3D051 /* Shadow Airways */;
			targetProxy = 5F9D0CFE26BCEC6D00A3D051 /* PBXContainerItemProxy */;
		};
/* End PBXTargetDependency section */

/* Begin XCBuildConfiguration section */
		5F9D0D0426BCEC6D00A3D051 /* Debug */ = {
			isa = XCBuildConfiguration;
			buildSettings = {
				ALWAYS_SEARCH_USER_PATHS = NO;
				CLANG_ANALYZER_NONNULL = YES;
				CLANG_ANALYZER_NUMBER_OBJECT_CONVERSION = YES_AGGRESSIVE;
				CLANG_CXX_LANGUAGE_STANDARD = "gnu++14";
				CLANG_CXX_LIBRARY = "libc++";
				CLANG_ENABLE_MODULES = YES;
				CLANG_ENABLE_OBJC_ARC = YES;
				CLANG_ENABLE_OBJC_WEAK = YES;
				CLANG_WARN_BLOCK_CAPTURE_AUTORELEASING = YES;
				CLANG_WARN_BOOL_CONVERSION = YES;
				CLANG_WARN_COMMA = YES;
				CLANG_WARN_CONSTANT_CONVERSION = YES;
				CLANG_WARN_DEPRECATED_OBJC_IMPLEMENTATIONS = YES;
				CLANG_WARN_DIRECT_OBJC_ISA_USAGE = YES_ERROR;
				CLANG_WARN_DOCUMENTATION_COMMENTS = YES;
				CLANG_WARN_EMPTY_BODY = YES;
				CLANG_WARN_ENUM_CONVERSION = YES;
				CLANG_WARN_INFINITE_RECURSION = YES;
				CLANG_WARN_INT_CONVERSION = YES;
				CLANG_WARN_NON_LITERAL_NULL_CONVERSION = YES;
				CLANG_WARN_OBJC_IMPLICIT_RETAIN_SELF = YES;
				CLANG_WARN_OBJC_LITERAL_CONVERSION = YES;
				CLANG_WARN_OBJC_ROOT_CLASS = YES_ERROR;
				CLANG_WARN_QUOTED_INCLUDE_IN_FRAMEWORK_HEADER = YES;
				CLANG_WARN_RANGE_LOOP_ANALYSIS = YES;
				CLANG_WARN_STRICT_PROTOTYPES = YES;
				CLANG_WARN_SUSPICIOUS_MOVE = YES;
				CLANG_WARN_UNGUARDED_AVAILABILITY = YES_AGGRESSIVE;
				CLANG_WARN_UNREACHABLE_CODE = YES;
				CLANG_WARN__DUPLICATE_METHOD_MATCH = YES;
				COPY_PHASE_STRIP = NO;
				DEBUG_INFORMATION_FORMAT = dwarf;
				ENABLE_STRICT_OBJC_MSGSEND = YES;
				ENABLE_TESTABILITY = YES;
				GCC_C_LANGUAGE_STANDARD = gnu11;
				GCC_DYNAMIC_NO_PIC = NO;
				GCC_NO_COMMON_BLOCKS = YES;
				GCC_OPTIMIZATION_LEVEL = 0;
				GCC_PREPROCESSOR_DEFINITIONS = (
					"DEBUG=1",
					"$(inherited)",
				);
				GCC_WARN_64_TO_32_BIT_CONVERSION = YES;
				GCC_WARN_ABOUT_RETURN_TYPE = YES_ERROR;
				GCC_WARN_UNDECLARED_SELECTOR = YES;
				GCC_WARN_UNINITIALIZED_AUTOS = YES_AGGRESSIVE;
				GCC_WARN_UNUSED_FUNCTION = YES;
				GCC_WARN_UNUSED_VARIABLE = YES;
				IPHONEOS_DEPLOYMENT_TARGET = 14.2;
				MTL_ENABLE_DEBUG_INFO = INCLUDE_SOURCE;
				MTL_FAST_MATH = YES;
				ONLY_ACTIVE_ARCH = YES;
				SDKROOT = iphoneos;
				SWIFT_ACTIVE_COMPILATION_CONDITIONS = DEBUG;
				SWIFT_OPTIMIZATION_LEVEL = "-Onone";
			};
			name = Debug;
		};
		5F9D0D0526BCEC6D00A3D051 /* Release */ = {
			isa = XCBuildConfiguration;
			buildSettings = {
				ALWAYS_SEARCH_USER_PATHS = NO;
				CLANG_ANALYZER_NONNULL = YES;
				CLANG_ANALYZER_NUMBER_OBJECT_CONVERSION = YES_AGGRESSIVE;
				CLANG_CXX_LANGUAGE_STANDARD = "gnu++14";
				CLANG_CXX_LIBRARY = "libc++";
				CLANG_ENABLE_MODULES = YES;
				CLANG_ENABLE_OBJC_ARC = YES;
				CLANG_ENABLE_OBJC_WEAK = YES;
				CLANG_WARN_BLOCK_CAPTURE_AUTORELEASING = YES;
				CLANG_WARN_BOOL_CONVERSION = YES;
				CLANG_WARN_COMMA = YES;
				CLANG_WARN_CONSTANT_CONVERSION = YES;
				CLANG_WARN_DEPRECATED_OBJC_IMPLEMENTATIONS = YES;
				CLANG_WARN_DIRECT_OBJC_ISA_USAGE = YES_ERROR;
				CLANG_WARN_DOCUMENTATION_COMMENTS = YES;
				CLANG_WARN_EMPTY_BODY = YES;
				CLANG_WARN_ENUM_CONVERSION = YES;
				CLANG_WARN_INFINITE_RECURSION = YES;
				CLANG_WARN_INT_CONVERSION = YES;
				CLANG_WARN_NON_LITERAL_NULL_CONVERSION = YES;
				CLANG_WARN_OBJC_IMPLICIT_RETAIN_SELF = YES;
				CLANG_WARN_OBJC_LITERAL_CONVERSION = YES;
				CLANG_WARN_OBJC_ROOT_CLASS = YES_ERROR;
				CLANG_WARN_QUOTED_INCLUDE_IN_FRAMEWORK_HEADER = YES;
				CLANG_WARN_RANGE_LOOP_ANALYSIS = YES;
				CLANG_WARN_STRICT_PROTOTYPES = YES;
				CLANG_WARN_SUSPICIOUS_MOVE = YES;
				CLANG_WARN_UNGUARDED_AVAILABILITY = YES_AGGRESSIVE;
				CLANG_WARN_UNREACHABLE_CODE = YES;
				CLANG_WARN__DUPLICATE_METHOD_MATCH = YES;
				COPY_PHASE_STRIP = NO;
				DEBUG_INFORMATION_FORMAT = "dwarf-with-dsym";
				ENABLE_NS_ASSERTIONS = NO;
				ENABLE_STRICT_OBJC_MSGSEND = YES;
				GCC_C_LANGUAGE_STANDARD = gnu11;
				GCC_NO_COMMON_BLOCKS = YES;
				GCC_WARN_64_TO_32_BIT_CONVERSION = YES;
				GCC_WARN_ABOUT_RETURN_TYPE = YES_ERROR;
				GCC_WARN_UNDECLARED_SELECTOR = YES;
				GCC_WARN_UNINITIALIZED_AUTOS = YES_AGGRESSIVE;
				GCC_WARN_UNUSED_FUNCTION = YES;
				GCC_WARN_UNUSED_VARIABLE = YES;
				IPHONEOS_DEPLOYMENT_TARGET = 14.2;
				MTL_ENABLE_DEBUG_INFO = NO;
				MTL_FAST_MATH = YES;
				SDKROOT = iphoneos;
				SWIFT_COMPILATION_MODE = wholemodule;
				SWIFT_OPTIMIZATION_LEVEL = "-O";
				VALIDATE_PRODUCT = YES;
			};
			name = Release;
		};
		5F9D0D0726BCEC6D00A3D051 /* Debug */ = {
			isa = XCBuildConfiguration;
			buildSettings = {
				ASSETCATALOG_COMPILER_APPICON_NAME = AppIcon;
				ASSETCATALOG_COMPILER_GLOBAL_ACCENT_COLOR_NAME = AccentColor;
				CODE_SIGN_STYLE = Automatic;
				DEVELOPMENT_ASSET_PATHS = "\"Shadow Airways/Preview Content\"";
				DEVELOPMENT_TEAM = DMSSTYDTVC;
				ENABLE_PREVIEWS = YES;
				INFOPLIST_FILE = "Shadow Airways/Info.plist";
				IPHONEOS_DEPLOYMENT_TARGET = 14.0;
				LD_RUNPATH_SEARCH_PATHS = (
					"$(inherited)",
					"@executable_path/Frameworks",
				);
				PRODUCT_BUNDLE_IDENTIFIER = "Ryan-Shadow.Shadow-Airways";
				PRODUCT_NAME = "$(TARGET_NAME)";
				SWIFT_VERSION = 5.0;
				TARGETED_DEVICE_FAMILY = "1,2";
			};
			name = Debug;
		};
		5F9D0D0826BCEC6D00A3D051 /* Release */ = {
			isa = XCBuildConfiguration;
			buildSettings = {
				ASSETCATALOG_COMPILER_APPICON_NAME = AppIcon;
				ASSETCATALOG_COMPILER_GLOBAL_ACCENT_COLOR_NAME = AccentColor;
				CODE_SIGN_STYLE = Automatic;
				DEVELOPMENT_ASSET_PATHS = "\"Shadow Airways/Preview Content\"";
				DEVELOPMENT_TEAM = DMSSTYDTVC;
				ENABLE_PREVIEWS = YES;
				INFOPLIST_FILE = "Shadow Airways/Info.plist";
				IPHONEOS_DEPLOYMENT_TARGET = 14.0;
				LD_RUNPATH_SEARCH_PATHS = (
					"$(inherited)",
					"@executable_path/Frameworks",
				);
				PRODUCT_BUNDLE_IDENTIFIER = "Ryan-Shadow.Shadow-Airways";
				PRODUCT_NAME = "$(TARGET_NAME)";
				SWIFT_VERSION = 5.0;
				TARGETED_DEVICE_FAMILY = "1,2";
			};
			name = Release;
		};
		5F9D0D0A26BCEC6D00A3D051 /* Debug */ = {
			isa = XCBuildConfiguration;
			buildSettings = {
				ALWAYS_EMBED_SWIFT_STANDARD_LIBRARIES = YES;
				BUNDLE_LOADER = "$(TEST_HOST)";
				CODE_SIGN_STYLE = Automatic;
				DEVELOPMENT_TEAM = DMSSTYDTVC;
				INFOPLIST_FILE = "Shadow AirwaysTests/Info.plist";
				IPHONEOS_DEPLOYMENT_TARGET = 14.0;
				LD_RUNPATH_SEARCH_PATHS = (
					"$(inherited)",
					"@executable_path/Frameworks",
					"@loader_path/Frameworks",
				);
				PRODUCT_BUNDLE_IDENTIFIER = "Ryan-Shadow.Shadow-AirwaysTests";
				PRODUCT_NAME = "$(TARGET_NAME)";
				SWIFT_VERSION = 5.0;
				TARGETED_DEVICE_FAMILY = "1,2";
				TEST_HOST = "$(BUILT_PRODUCTS_DIR)/Shadow Airways.app/Shadow Airways";
			};
			name = Debug;
		};
		5F9D0D0B26BCEC6D00A3D051 /* Release */ = {
			isa = XCBuildConfiguration;
			buildSettings = {
				ALWAYS_EMBED_SWIFT_STANDARD_LIBRARIES = YES;
				BUNDLE_LOADER = "$(TEST_HOST)";
				CODE_SIGN_STYLE = Automatic;
				DEVELOPMENT_TEAM = DMSSTYDTVC;
				INFOPLIST_FILE = "Shadow AirwaysTests/Info.plist";
				IPHONEOS_DEPLOYMENT_TARGET = 14.0;
				LD_RUNPATH_SEARCH_PATHS = (
					"$(inherited)",
					"@executable_path/Frameworks",
					"@loader_path/Frameworks",
				);
				PRODUCT_BUNDLE_IDENTIFIER = "Ryan-Shadow.Shadow-AirwaysTests";
				PRODUCT_NAME = "$(TARGET_NAME)";
				SWIFT_VERSION = 5.0;
				TARGETED_DEVICE_FAMILY = "1,2";
				TEST_HOST = "$(BUILT_PRODUCTS_DIR)/Shadow Airways.app/Shadow Airways";
			};
			name = Release;
		};
		5F9D0D0D26BCEC6D00A3D051 /* Debug */ = {
			isa = XCBuildConfiguration;
			buildSettings = {
				ALWAYS_EMBED_SWIFT_STANDARD_LIBRARIES = YES;
				CODE_SIGN_STYLE = Automatic;
				DEVELOPMENT_TEAM = DMSSTYDTVC;
				INFOPLIST_FILE = "Shadow AirwaysUITests/Info.plist";
				LD_RUNPATH_SEARCH_PATHS = (
					"$(inherited)",
					"@executable_path/Frameworks",
					"@loader_path/Frameworks",
				);
				PRODUCT_BUNDLE_IDENTIFIER = "Ryan-Shadow.Shadow-AirwaysUITests";
				PRODUCT_NAME = "$(TARGET_NAME)";
				SWIFT_VERSION = 5.0;
				TARGETED_DEVICE_FAMILY = "1,2";
				TEST_TARGET_NAME = "Shadow Airways";
			};
			name = Debug;
		};
		5F9D0D0E26BCEC6D00A3D051 /* Release */ = {
			isa = XCBuildConfiguration;
			buildSettings = {
				ALWAYS_EMBED_SWIFT_STANDARD_LIBRARIES = YES;
				CODE_SIGN_STYLE = Automatic;
				DEVELOPMENT_TEAM = DMSSTYDTVC;
				INFOPLIST_FILE = "Shadow AirwaysUITests/Info.plist";
				LD_RUNPATH_SEARCH_PATHS = (
					"$(inherited)",
					"@executable_path/Frameworks",
					"@loader_path/Frameworks",
				);
				PRODUCT_BUNDLE_IDENTIFIER = "Ryan-Shadow.Shadow-AirwaysUITests";
				PRODUCT_NAME = "$(TARGET_NAME)";
				SWIFT_VERSION = 5.0;
				TARGETED_DEVICE_FAMILY = "1,2";
				TEST_TARGET_NAME = "Shadow Airways";
			};
			name = Release;
		};
/* End XCBuildConfiguration section */

/* Begin XCConfigurationList section */
		5F9D0CDC26BCEC6C00A3D051 /* Build configuration list for PBXProject "Shadow Airways" */ = {
			isa = XCConfigurationList;
			buildConfigurations = (
				5F9D0D0426BCEC6D00A3D051 /* Debug */,
				5F9D0D0526BCEC6D00A3D051 /* Release */,
			);
			defaultConfigurationIsVisible = 0;
			defaultConfigurationName = Release;
		};
		5F9D0D0626BCEC6D00A3D051 /* Build configuration list for PBXNativeTarget "Shadow Airways" */ = {
			isa = XCConfigurationList;
			buildConfigurations = (
				5F9D0D0726BCEC6D00A3D051 /* Debug */,
				5F9D0D0826BCEC6D00A3D051 /* Release */,
			);
			defaultConfigurationIsVisible = 0;
			defaultConfigurationName = Release;
		};
		5F9D0D0926BCEC6D00A3D051 /* Build configuration list for PBXNativeTarget "Shadow AirwaysTests" */ = {
			isa = XCConfigurationList;
			buildConfigurations = (
				5F9D0D0A26BCEC6D00A3D051 /* Debug */,
				5F9D0D0B26BCEC6D00A3D051 /* Release */,
			);
			defaultConfigurationIsVisible = 0;
			defaultConfigurationName = Release;
		};
		5F9D0D0C26BCEC6D00A3D051 /* Build configuration list for PBXNativeTarget "Shadow AirwaysUITests" */ = {
			isa = XCConfigurationList;
			buildConfigurations = (
				5F9D0D0D26BCEC6D00A3D051 /* Debug */,
				5F9D0D0E26BCEC6D00A3D051 /* Release */,
			);
			defaultConfigurationIsVisible = 0;
			defaultConfigurationName = Release;
		};
/* End XCConfigurationList section */
	};
	rootObject = 5F9D0CD926BCEC6C00A3D051 /* Project object */;
}
